// !$*UTF8*$!
{
	archiveVersion = 1;
	classes = {
	};
	objectVersion = 54;
	objects = {

/* Begin PBXBuildFile section */
		00E356F31AD99517003FC87E /* StreakAssignmentTests.m in Sources */ = {isa = PBXBuildFile; fileRef = 00E356F21AD99517003FC87E /* StreakAssignmentTests.m */; };
		13B07FBC1A68108700A75B9A /* AppDelegate.m in Sources */ = {isa = PBXBuildFile; fileRef = 13B07FB01A68108700A75B9A /* AppDelegate.m */; };
		13B07FBF1A68108700A75B9A /* Images.xcassets in Resources */ = {isa = PBXBuildFile; fileRef = 13B07FB51A68108700A75B9A /* Images.xcassets */; };
		13B07FC11A68108700A75B9A /* main.m in Sources */ = {isa = PBXBuildFile; fileRef = 13B07FB71A68108700A75B9A /* main.m */; };
		81AB9BB82411601600AC10FF /* LaunchScreen.storyboard in Resources */ = {isa = PBXBuildFile; fileRef = 81AB9BB72411601600AC10FF /* LaunchScreen.storyboard */; };
		AA8CB0FC63284A349CD233F9 /* IBMPlexSans-Bold.ttf in Resources */ = {isa = PBXBuildFile; fileRef = 108F26F28B594DC1955B65CE /* IBMPlexSans-Bold.ttf */; };
		AE0F53006B094CF8B54BA000 /* IBMPlexSans-BoldItalic.ttf in Resources */ = {isa = PBXBuildFile; fileRef = 3A482047DF5B4E40B5F7C4FC /* IBMPlexSans-BoldItalic.ttf */; };
		CB1A34E675D74F1EACA90E25 /* IBMPlexSans-ExtraLight.ttf in Resources */ = {isa = PBXBuildFile; fileRef = BE28BE06223B4BA99D6B3659 /* IBMPlexSans-ExtraLight.ttf */; };
		436F1CA4F0E246B080456B00 /* IBMPlexSans-ExtraLightItalic.ttf in Resources */ = {isa = PBXBuildFile; fileRef = 253DD53C363F416FBA9EEE9E /* IBMPlexSans-ExtraLightItalic.ttf */; };
		45FCE0B0575E49DDB77DF03A /* IBMPlexSans-Italic.ttf in Resources */ = {isa = PBXBuildFile; fileRef = 4D39983C63D5468892A6A9FB /* IBMPlexSans-Italic.ttf */; };
		8C321EC7F6264FEFAC381352 /* IBMPlexSans-Light.ttf in Resources */ = {isa = PBXBuildFile; fileRef = 8D0130E5F44D4043A90088C1 /* IBMPlexSans-Light.ttf */; };
		8439304EC96C439BADACC780 /* IBMPlexSans-LightItalic.ttf in Resources */ = {isa = PBXBuildFile; fileRef = 298520F026734360AC13278B /* IBMPlexSans-LightItalic.ttf */; };
		7B0B0543D3654FFB88AC3080 /* IBMPlexSans-Medium.ttf in Resources */ = {isa = PBXBuildFile; fileRef = 74540A364DFA43F6B6B42E23 /* IBMPlexSans-Medium.ttf */; };
		8902E6DE25F14BE583A44402 /* IBMPlexSans-MediumItalic.ttf in Resources */ = {isa = PBXBuildFile; fileRef = AB9564CC0223462EBEE8BE21 /* IBMPlexSans-MediumItalic.ttf */; };
		ABF2552734CD44259340FCB6 /* IBMPlexSans-Regular.ttf in Resources */ = {isa = PBXBuildFile; fileRef = CA82EBC0E55340768AA784A0 /* IBMPlexSans-Regular.ttf */; };
		B65183D3FBFE4D2297C05DB1 /* IBMPlexSans-SemiBold.ttf in Resources */ = {isa = PBXBuildFile; fileRef = 5E35596A96DF48EBBBE90C5F /* IBMPlexSans-SemiBold.ttf */; };
		651E9DA3550642AC8C1D1C43 /* IBMPlexSans-SemiBoldItalic.ttf in Resources */ = {isa = PBXBuildFile; fileRef = 78D16D44265F41F5B747B0A0 /* IBMPlexSans-SemiBoldItalic.ttf */; };
		EF07A49FA56A4AC1AC31F337 /* IBMPlexSans-Thin.ttf in Resources */ = {isa = PBXBuildFile; fileRef = DF5D22C947D844EDA914B85E /* IBMPlexSans-Thin.ttf */; };
		B44D7ADDD3624D58B24FB9C4 /* IBMPlexSans-ThinItalic.ttf in Resources */ = {isa = PBXBuildFile; fileRef = 2EBE6E2837844B879F37963D /* IBMPlexSans-ThinItalic.ttf */; };
		9C2FA44A5C2642049A1CBB7F /* Barlow-Black.ttf in Resources */ = {isa = PBXBuildFile; fileRef = FF6CF580BF884CA5B59881A4 /* Barlow-Black.ttf */; };
		2BF008371FD9422CA968B4D7 /* Barlow-BlackItalic.ttf in Resources */ = {isa = PBXBuildFile; fileRef = 0F86B5A13189410EA07C4B32 /* Barlow-BlackItalic.ttf */; };
		16A55D6BA8154B95878C391D /* Barlow-Bold.ttf in Resources */ = {isa = PBXBuildFile; fileRef = 5E399CEF60C44734A8F9FB60 /* Barlow-Bold.ttf */; };
		C42A80DC444A44D081C6927B /* Barlow-BoldItalic.ttf in Resources */ = {isa = PBXBuildFile; fileRef = 95E0DAABF24046A3B095989F /* Barlow-BoldItalic.ttf */; };
		B5C367308D5B4EDA9C0FE374 /* Barlow-ExtraBold.ttf in Resources */ = {isa = PBXBuildFile; fileRef = 9D04D9C8E02848D8A47AEE98 /* Barlow-ExtraBold.ttf */; };
		3CC9DCA6E9A14D619E8E8F41 /* Barlow-ExtraBoldItalic.ttf in Resources */ = {isa = PBXBuildFile; fileRef = 87AD79B068C54118A60145D3 /* Barlow-ExtraBoldItalic.ttf */; };
		F54B4B3C457E4D7897983FD2 /* Barlow-ExtraLight.ttf in Resources */ = {isa = PBXBuildFile; fileRef = E7245079076B496CBC31D382 /* Barlow-ExtraLight.ttf */; };
		8E54D6B68B2E4A93B476DFF8 /* Barlow-ExtraLightItalic.ttf in Resources */ = {isa = PBXBuildFile; fileRef = 7DEF406572C3494E81FFCE34 /* Barlow-ExtraLightItalic.ttf */; };
		39A983CBF578499D8D6A669C /* Barlow-Italic.ttf in Resources */ = {isa = PBXBuildFile; fileRef = 413B847E20EB4861B6A9F945 /* Barlow-Italic.ttf */; };
		A2091C8CA5544E8F9995834C /* Barlow-Light.ttf in Resources */ = {isa = PBXBuildFile; fileRef = 6938A4DD16F3450BA658F076 /* Barlow-Light.ttf */; };
		64245928D8214A89AA0A7C5F /* Barlow-LightItalic.ttf in Resources */ = {isa = PBXBuildFile; fileRef = E5AF906E302744A4B46BE73F /* Barlow-LightItalic.ttf */; };
		381D63594C0741B3A49CCBF9 /* Barlow-Medium.ttf in Resources */ = {isa = PBXBuildFile; fileRef = B01010392B184E9D98C15F94 /* Barlow-Medium.ttf */; };
		0219005A75D848A684C8E51B /* Barlow-MediumItalic.ttf in Resources */ = {isa = PBXBuildFile; fileRef = 2B0EFFCD47A1444CB521DBA1 /* Barlow-MediumItalic.ttf */; };
		0F42A25395D240DCB2753FC8 /* Barlow-Regular.ttf in Resources */ = {isa = PBXBuildFile; fileRef = DFF7E15E57234314932DA81F /* Barlow-Regular.ttf */; };
		4662258C37C0482C99232C9A /* Barlow-SemiBold.ttf in Resources */ = {isa = PBXBuildFile; fileRef = 5F24629F93F748EE92BF4873 /* Barlow-SemiBold.ttf */; };
		66463DE11BA548B88CA45F66 /* Barlow-SemiBoldItalic.ttf in Resources */ = {isa = PBXBuildFile; fileRef = A16E57C2DAFF45A6BB4365DA /* Barlow-SemiBoldItalic.ttf */; };
		89BD9BC846BB45B78F3939BB /* Barlow-Thin.ttf in Resources */ = {isa = PBXBuildFile; fileRef = DF9646C3F85E480E93A38471 /* Barlow-Thin.ttf */; };
		A1C92545D8324AD0B6C5D3E1 /* Barlow-ThinItalic.ttf in Resources */ = {isa = PBXBuildFile; fileRef = 9A7EB37167BB4379A69C480E /* Barlow-ThinItalic.ttf */; };
		C51EA749AB92464F86C28E50 /* IBMPlexMono-Bold.ttf in Resources */ = {isa = PBXBuildFile; fileRef = 3BA2B5CB58A1460680162953 /* IBMPlexMono-Bold.ttf */; };
		19E5897A293F4BCA8573E070 /* IBMPlexMono-BoldItalic.ttf in Resources */ = {isa = PBXBuildFile; fileRef = 915F46A4A4AC4549B0EB3FBC /* IBMPlexMono-BoldItalic.ttf */; };
		3245480BB5554F2B854A3BEB /* IBMPlexMono-ExtraLight.ttf in Resources */ = {isa = PBXBuildFile; fileRef = CB7A537DEE964763AA35432A /* IBMPlexMono-ExtraLight.ttf */; };
		A4E729214EDE4FA79865DF9B /* IBMPlexMono-ExtraLightItalic.ttf in Resources */ = {isa = PBXBuildFile; fileRef = 3FF8DE644F05476FA071B4C4 /* IBMPlexMono-ExtraLightItalic.ttf */; };
		F4CF0008F0BF4D808586E8A0 /* IBMPlexMono-Italic.ttf in Resources */ = {isa = PBXBuildFile; fileRef = 754DC16B32EE40E0AFD5AFEB /* IBMPlexMono-Italic.ttf */; };
		494EF6AEFD0E4371AEAB96E3 /* IBMPlexMono-Light.ttf in Resources */ = {isa = PBXBuildFile; fileRef = 9D24400EC4AE446CA3A05AA9 /* IBMPlexMono-Light.ttf */; };
		E067069142E1435CAD730357 /* IBMPlexMono-LightItalic.ttf in Resources */ = {isa = PBXBuildFile; fileRef = 8F03C2A7E609468FAC1E72C8 /* IBMPlexMono-LightItalic.ttf */; };
		D2BB0B6BCB6A43879988AAB8 /* IBMPlexMono-Medium.ttf in Resources */ = {isa = PBXBuildFile; fileRef = 239ED0D5A60748ADB75D99F5 /* IBMPlexMono-Medium.ttf */; };
		D6DC347C6BC64034BB0F677E /* IBMPlexMono-MediumItalic.ttf in Resources */ = {isa = PBXBuildFile; fileRef = 2CD059F809E541819D41444F /* IBMPlexMono-MediumItalic.ttf */; };
		290A812052E445F49BA41A4B /* IBMPlexMono-Regular.ttf in Resources */ = {isa = PBXBuildFile; fileRef = 7F89FAB454E54D2F8A526B63 /* IBMPlexMono-Regular.ttf */; };
		03C4336D9EC9469EB6E1B1CD /* IBMPlexMono-SemiBold.ttf in Resources */ = {isa = PBXBuildFile; fileRef = DBA43FBFB8F6471DAE92D64D /* IBMPlexMono-SemiBold.ttf */; };
		EB01C14A5936436C942B6A68 /* IBMPlexMono-SemiBoldItalic.ttf in Resources */ = {isa = PBXBuildFile; fileRef = 976670FF11B640FE96F9C506 /* IBMPlexMono-SemiBoldItalic.ttf */; };
		22ACBF6C923C453BBEE55201 /* IBMPlexMono-Thin.ttf in Resources */ = {isa = PBXBuildFile; fileRef = D0D0DCD2482C434D9D78B710 /* IBMPlexMono-Thin.ttf */; };
		7D096AFA78C64853BB226286 /* IBMPlexMono-ThinItalic.ttf in Resources */ = {isa = PBXBuildFile; fileRef = 87080B581EA24F759BA86087 /* IBMPlexMono-ThinItalic.ttf */; };
		5D81D699FC48456B82C98CFA /* AntDesign.ttf in Resources */ = {isa = PBXBuildFile; fileRef = 2F811B402E1B499F90C58909 /* AntDesign.ttf */; };
		6B0A1B6C5F28428492CAD7AA /* Entypo.ttf in Resources */ = {isa = PBXBuildFile; fileRef = FDD6C12696B643DEA2B10B81 /* Entypo.ttf */; };
		E908F99B2CDD406998F479DC /* EvilIcons.ttf in Resources */ = {isa = PBXBuildFile; fileRef = 883CD1A1F47944E195B8486A /* EvilIcons.ttf */; };
		EA2D3844C3EC48808AC75D10 /* Feather.ttf in Resources */ = {isa = PBXBuildFile; fileRef = 1D03AD3004334E06BD152745 /* Feather.ttf */; };
		8D9C54477C4C4D4CA62CACA6 /* FontAwesome.ttf in Resources */ = {isa = PBXBuildFile; fileRef = EA22CCD620AD4541A631900C /* FontAwesome.ttf */; };
		9CB6941857ED42B6B7B82A7A /* FontAwesome5_Brands.ttf in Resources */ = {isa = PBXBuildFile; fileRef = 148608E9BE004780A3124D11 /* FontAwesome5_Brands.ttf */; };
		4FC8F49524124B8EA4EC35FA /* FontAwesome5_Regular.ttf in Resources */ = {isa = PBXBuildFile; fileRef = FBF39B9723044854B766FF28 /* FontAwesome5_Regular.ttf */; };
		CE7CE26C5D6A47FFB755262E /* FontAwesome5_Solid.ttf in Resources */ = {isa = PBXBuildFile; fileRef = 1E60AC4E67B14112954F3141 /* FontAwesome5_Solid.ttf */; };
		41173AF52286461282D62303 /* Fontisto.ttf in Resources */ = {isa = PBXBuildFile; fileRef = E44E460DA8DB4967B9E5F7A9 /* Fontisto.ttf */; };
		DC9FE70E04DE4D37A33A4B11 /* Foundation.ttf in Resources */ = {isa = PBXBuildFile; fileRef = 0066780C603F41C6913FA5AE /* Foundation.ttf */; };
		C2CB3E120DD344D7B25842A4 /* Ionicons.ttf in Resources */ = {isa = PBXBuildFile; fileRef = DD05F75D49144A6A82F2D546 /* Ionicons.ttf */; };
		A27365E166444EDB8C12148D /* MaterialCommunityIcons.ttf in Resources */ = {isa = PBXBuildFile; fileRef = F1A424CC230B44689E8B7818 /* MaterialCommunityIcons.ttf */; };
		28E792122DA946809BD0EFE5 /* MaterialIcons.ttf in Resources */ = {isa = PBXBuildFile; fileRef = 251A807194B84792A0A87F44 /* MaterialIcons.ttf */; };
		063C71638C9F4C29A024F1F3 /* Octicons.ttf in Resources */ = {isa = PBXBuildFile; fileRef = 59A22F6678F1441FA48D77B4 /* Octicons.ttf */; };
		95EAE09CEEE84D8EAA3CC63F /* SimpleLineIcons.ttf in Resources */ = {isa = PBXBuildFile; fileRef = B62C0C3B25B44E29A6A7C7F2 /* SimpleLineIcons.ttf */; };
		62BA7131A1A6414795669BB3 /* Zocial.ttf in Resources */ = {isa = PBXBuildFile; fileRef = 25577A924C914C6A9586841B /* Zocial.ttf */; };
/* End PBXBuildFile section */

/* Begin PBXContainerItemProxy section */
		00E356F41AD99517003FC87E /* PBXContainerItemProxy */ = {
			isa = PBXContainerItemProxy;
			containerPortal = 83CBB9F71A601CBA00E9B192 /* Project object */;
			proxyType = 1;
			remoteGlobalIDString = 13B07F861A680F5B00A75B9A;
			remoteInfo = StreakAssignment;
		};
/* End PBXContainerItemProxy section */

/* Begin PBXFileReference section */
		00E356EE1AD99517003FC87E /* StreakAssignmentTests.xctest */ = {isa = PBXFileReference; explicitFileType = wrapper.cfbundle; includeInIndex = 0; path = StreakAssignmentTests.xctest; sourceTree = BUILT_PRODUCTS_DIR; };
		00E356F11AD99517003FC87E /* Info.plist */ = {isa = PBXFileReference; lastKnownFileType = text.plist.xml; path = Info.plist; sourceTree = "<group>"; };
		00E356F21AD99517003FC87E /* StreakAssignmentTests.m */ = {isa = PBXFileReference; lastKnownFileType = sourcecode.c.objc; path = StreakAssignmentTests.m; sourceTree = "<group>"; };
		13B07F961A680F5B00A75B9A /* StreakAssignment.app */ = {isa = PBXFileReference; explicitFileType = wrapper.application; includeInIndex = 0; path = StreakAssignment.app; sourceTree = BUILT_PRODUCTS_DIR; };
		13B07FAF1A68108700A75B9A /* AppDelegate.h */ = {isa = PBXFileReference; fileEncoding = 4; lastKnownFileType = sourcecode.c.h; name = AppDelegate.h; path = StreakAssignment/AppDelegate.h; sourceTree = "<group>"; };
		13B07FB01A68108700A75B9A /* AppDelegate.m */ = {isa = PBXFileReference; fileEncoding = 4; lastKnownFileType = sourcecode.c.objc; name = AppDelegate.m; path = StreakAssignment/AppDelegate.m; sourceTree = "<group>"; };
		13B07FB51A68108700A75B9A /* Images.xcassets */ = {isa = PBXFileReference; lastKnownFileType = folder.assetcatalog; name = Images.xcassets; path = StreakAssignment/Images.xcassets; sourceTree = "<group>"; };
		13B07FB61A68108700A75B9A /* Info.plist */ = {isa = PBXFileReference; fileEncoding = 4; lastKnownFileType = text.plist.xml; name = Info.plist; path = StreakAssignment/Info.plist; sourceTree = "<group>"; };
		13B07FB71A68108700A75B9A /* main.m */ = {isa = PBXFileReference; fileEncoding = 4; lastKnownFileType = sourcecode.c.objc; name = main.m; path = StreakAssignment/main.m; sourceTree = "<group>"; };
		81AB9BB72411601600AC10FF /* LaunchScreen.storyboard */ = {isa = PBXFileReference; fileEncoding = 4; lastKnownFileType = file.storyboard; name = LaunchScreen.storyboard; path = StreakAssignment/LaunchScreen.storyboard; sourceTree = "<group>"; };
		ED297162215061F000B7C4FE /* JavaScriptCore.framework */ = {isa = PBXFileReference; lastKnownFileType = wrapper.framework; name = JavaScriptCore.framework; path = System/Library/Frameworks/JavaScriptCore.framework; sourceTree = SDKROOT; };
		108F26F28B594DC1955B65CE /* IBMPlexSans-Bold.ttf */ = {isa = PBXFileReference; name = "IBMPlexSans-Bold.ttf"; path = "../src/assets/fonts/IBMPlexSans-Bold.ttf"; sourceTree = "<group>"; fileEncoding = undefined; lastKnownFileType = unknown; explicitFileType = undefined; includeInIndex = 0; };
		3A482047DF5B4E40B5F7C4FC /* IBMPlexSans-BoldItalic.ttf */ = {isa = PBXFileReference; name = "IBMPlexSans-BoldItalic.ttf"; path = "../src/assets/fonts/IBMPlexSans-BoldItalic.ttf"; sourceTree = "<group>"; fileEncoding = undefined; lastKnownFileType = unknown; explicitFileType = undefined; includeInIndex = 0; };
		BE28BE06223B4BA99D6B3659 /* IBMPlexSans-ExtraLight.ttf */ = {isa = PBXFileReference; name = "IBMPlexSans-ExtraLight.ttf"; path = "../src/assets/fonts/IBMPlexSans-ExtraLight.ttf"; sourceTree = "<group>"; fileEncoding = undefined; lastKnownFileType = unknown; explicitFileType = undefined; includeInIndex = 0; };
		253DD53C363F416FBA9EEE9E /* IBMPlexSans-ExtraLightItalic.ttf */ = {isa = PBXFileReference; name = "IBMPlexSans-ExtraLightItalic.ttf"; path = "../src/assets/fonts/IBMPlexSans-ExtraLightItalic.ttf"; sourceTree = "<group>"; fileEncoding = undefined; lastKnownFileType = unknown; explicitFileType = undefined; includeInIndex = 0; };
		4D39983C63D5468892A6A9FB /* IBMPlexSans-Italic.ttf */ = {isa = PBXFileReference; name = "IBMPlexSans-Italic.ttf"; path = "../src/assets/fonts/IBMPlexSans-Italic.ttf"; sourceTree = "<group>"; fileEncoding = undefined; lastKnownFileType = unknown; explicitFileType = undefined; includeInIndex = 0; };
		8D0130E5F44D4043A90088C1 /* IBMPlexSans-Light.ttf */ = {isa = PBXFileReference; name = "IBMPlexSans-Light.ttf"; path = "../src/assets/fonts/IBMPlexSans-Light.ttf"; sourceTree = "<group>"; fileEncoding = undefined; lastKnownFileType = unknown; explicitFileType = undefined; includeInIndex = 0; };
		298520F026734360AC13278B /* IBMPlexSans-LightItalic.ttf */ = {isa = PBXFileReference; name = "IBMPlexSans-LightItalic.ttf"; path = "../src/assets/fonts/IBMPlexSans-LightItalic.ttf"; sourceTree = "<group>"; fileEncoding = undefined; lastKnownFileType = unknown; explicitFileType = undefined; includeInIndex = 0; };
		74540A364DFA43F6B6B42E23 /* IBMPlexSans-Medium.ttf */ = {isa = PBXFileReference; name = "IBMPlexSans-Medium.ttf"; path = "../src/assets/fonts/IBMPlexSans-Medium.ttf"; sourceTree = "<group>"; fileEncoding = undefined; lastKnownFileType = unknown; explicitFileType = undefined; includeInIndex = 0; };
		AB9564CC0223462EBEE8BE21 /* IBMPlexSans-MediumItalic.ttf */ = {isa = PBXFileReference; name = "IBMPlexSans-MediumItalic.ttf"; path = "../src/assets/fonts/IBMPlexSans-MediumItalic.ttf"; sourceTree = "<group>"; fileEncoding = undefined; lastKnownFileType = unknown; explicitFileType = undefined; includeInIndex = 0; };
		CA82EBC0E55340768AA784A0 /* IBMPlexSans-Regular.ttf */ = {isa = PBXFileReference; name = "IBMPlexSans-Regular.ttf"; path = "../src/assets/fonts/IBMPlexSans-Regular.ttf"; sourceTree = "<group>"; fileEncoding = undefined; lastKnownFileType = unknown; explicitFileType = undefined; includeInIndex = 0; };
		5E35596A96DF48EBBBE90C5F /* IBMPlexSans-SemiBold.ttf */ = {isa = PBXFileReference; name = "IBMPlexSans-SemiBold.ttf"; path = "../src/assets/fonts/IBMPlexSans-SemiBold.ttf"; sourceTree = "<group>"; fileEncoding = undefined; lastKnownFileType = unknown; explicitFileType = undefined; includeInIndex = 0; };
		78D16D44265F41F5B747B0A0 /* IBMPlexSans-SemiBoldItalic.ttf */ = {isa = PBXFileReference; name = "IBMPlexSans-SemiBoldItalic.ttf"; path = "../src/assets/fonts/IBMPlexSans-SemiBoldItalic.ttf"; sourceTree = "<group>"; fileEncoding = undefined; lastKnownFileType = unknown; explicitFileType = undefined; includeInIndex = 0; };
		DF5D22C947D844EDA914B85E /* IBMPlexSans-Thin.ttf */ = {isa = PBXFileReference; name = "IBMPlexSans-Thin.ttf"; path = "../src/assets/fonts/IBMPlexSans-Thin.ttf"; sourceTree = "<group>"; fileEncoding = undefined; lastKnownFileType = unknown; explicitFileType = undefined; includeInIndex = 0; };
		2EBE6E2837844B879F37963D /* IBMPlexSans-ThinItalic.ttf */ = {isa = PBXFileReference; name = "IBMPlexSans-ThinItalic.ttf"; path = "../src/assets/fonts/IBMPlexSans-ThinItalic.ttf"; sourceTree = "<group>"; fileEncoding = undefined; lastKnownFileType = unknown; explicitFileType = undefined; includeInIndex = 0; };
		FF6CF580BF884CA5B59881A4 /* Barlow-Black.ttf */ = {isa = PBXFileReference; name = "Barlow-Black.ttf"; path = "../src/assets/fonts/Barlow-Black.ttf"; sourceTree = "<group>"; fileEncoding = undefined; lastKnownFileType = unknown; explicitFileType = undefined; includeInIndex = 0; };
		0F86B5A13189410EA07C4B32 /* Barlow-BlackItalic.ttf */ = {isa = PBXFileReference; name = "Barlow-BlackItalic.ttf"; path = "../src/assets/fonts/Barlow-BlackItalic.ttf"; sourceTree = "<group>"; fileEncoding = undefined; lastKnownFileType = unknown; explicitFileType = undefined; includeInIndex = 0; };
		5E399CEF60C44734A8F9FB60 /* Barlow-Bold.ttf */ = {isa = PBXFileReference; name = "Barlow-Bold.ttf"; path = "../src/assets/fonts/Barlow-Bold.ttf"; sourceTree = "<group>"; fileEncoding = undefined; lastKnownFileType = unknown; explicitFileType = undefined; includeInIndex = 0; };
		95E0DAABF24046A3B095989F /* Barlow-BoldItalic.ttf */ = {isa = PBXFileReference; name = "Barlow-BoldItalic.ttf"; path = "../src/assets/fonts/Barlow-BoldItalic.ttf"; sourceTree = "<group>"; fileEncoding = undefined; lastKnownFileType = unknown; explicitFileType = undefined; includeInIndex = 0; };
		9D04D9C8E02848D8A47AEE98 /* Barlow-ExtraBold.ttf */ = {isa = PBXFileReference; name = "Barlow-ExtraBold.ttf"; path = "../src/assets/fonts/Barlow-ExtraBold.ttf"; sourceTree = "<group>"; fileEncoding = undefined; lastKnownFileType = unknown; explicitFileType = undefined; includeInIndex = 0; };
		87AD79B068C54118A60145D3 /* Barlow-ExtraBoldItalic.ttf */ = {isa = PBXFileReference; name = "Barlow-ExtraBoldItalic.ttf"; path = "../src/assets/fonts/Barlow-ExtraBoldItalic.ttf"; sourceTree = "<group>"; fileEncoding = undefined; lastKnownFileType = unknown; explicitFileType = undefined; includeInIndex = 0; };
		E7245079076B496CBC31D382 /* Barlow-ExtraLight.ttf */ = {isa = PBXFileReference; name = "Barlow-ExtraLight.ttf"; path = "../src/assets/fonts/Barlow-ExtraLight.ttf"; sourceTree = "<group>"; fileEncoding = undefined; lastKnownFileType = unknown; explicitFileType = undefined; includeInIndex = 0; };
		7DEF406572C3494E81FFCE34 /* Barlow-ExtraLightItalic.ttf */ = {isa = PBXFileReference; name = "Barlow-ExtraLightItalic.ttf"; path = "../src/assets/fonts/Barlow-ExtraLightItalic.ttf"; sourceTree = "<group>"; fileEncoding = undefined; lastKnownFileType = unknown; explicitFileType = undefined; includeInIndex = 0; };
		413B847E20EB4861B6A9F945 /* Barlow-Italic.ttf */ = {isa = PBXFileReference; name = "Barlow-Italic.ttf"; path = "../src/assets/fonts/Barlow-Italic.ttf"; sourceTree = "<group>"; fileEncoding = undefined; lastKnownFileType = unknown; explicitFileType = undefined; includeInIndex = 0; };
		6938A4DD16F3450BA658F076 /* Barlow-Light.ttf */ = {isa = PBXFileReference; name = "Barlow-Light.ttf"; path = "../src/assets/fonts/Barlow-Light.ttf"; sourceTree = "<group>"; fileEncoding = undefined; lastKnownFileType = unknown; explicitFileType = undefined; includeInIndex = 0; };
		E5AF906E302744A4B46BE73F /* Barlow-LightItalic.ttf */ = {isa = PBXFileReference; name = "Barlow-LightItalic.ttf"; path = "../src/assets/fonts/Barlow-LightItalic.ttf"; sourceTree = "<group>"; fileEncoding = undefined; lastKnownFileType = unknown; explicitFileType = undefined; includeInIndex = 0; };
		B01010392B184E9D98C15F94 /* Barlow-Medium.ttf */ = {isa = PBXFileReference; name = "Barlow-Medium.ttf"; path = "../src/assets/fonts/Barlow-Medium.ttf"; sourceTree = "<group>"; fileEncoding = undefined; lastKnownFileType = unknown; explicitFileType = undefined; includeInIndex = 0; };
		2B0EFFCD47A1444CB521DBA1 /* Barlow-MediumItalic.ttf */ = {isa = PBXFileReference; name = "Barlow-MediumItalic.ttf"; path = "../src/assets/fonts/Barlow-MediumItalic.ttf"; sourceTree = "<group>"; fileEncoding = undefined; lastKnownFileType = unknown; explicitFileType = undefined; includeInIndex = 0; };
		DFF7E15E57234314932DA81F /* Barlow-Regular.ttf */ = {isa = PBXFileReference; name = "Barlow-Regular.ttf"; path = "../src/assets/fonts/Barlow-Regular.ttf"; sourceTree = "<group>"; fileEncoding = undefined; lastKnownFileType = unknown; explicitFileType = undefined; includeInIndex = 0; };
		5F24629F93F748EE92BF4873 /* Barlow-SemiBold.ttf */ = {isa = PBXFileReference; name = "Barlow-SemiBold.ttf"; path = "../src/assets/fonts/Barlow-SemiBold.ttf"; sourceTree = "<group>"; fileEncoding = undefined; lastKnownFileType = unknown; explicitFileType = undefined; includeInIndex = 0; };
		A16E57C2DAFF45A6BB4365DA /* Barlow-SemiBoldItalic.ttf */ = {isa = PBXFileReference; name = "Barlow-SemiBoldItalic.ttf"; path = "../src/assets/fonts/Barlow-SemiBoldItalic.ttf"; sourceTree = "<group>"; fileEncoding = undefined; lastKnownFileType = unknown; explicitFileType = undefined; includeInIndex = 0; };
		DF9646C3F85E480E93A38471 /* Barlow-Thin.ttf */ = {isa = PBXFileReference; name = "Barlow-Thin.ttf"; path = "../src/assets/fonts/Barlow-Thin.ttf"; sourceTree = "<group>"; fileEncoding = undefined; lastKnownFileType = unknown; explicitFileType = undefined; includeInIndex = 0; };
		9A7EB37167BB4379A69C480E /* Barlow-ThinItalic.ttf */ = {isa = PBXFileReference; name = "Barlow-ThinItalic.ttf"; path = "../src/assets/fonts/Barlow-ThinItalic.ttf"; sourceTree = "<group>"; fileEncoding = undefined; lastKnownFileType = unknown; explicitFileType = undefined; includeInIndex = 0; };
		3BA2B5CB58A1460680162953 /* IBMPlexMono-Bold.ttf */ = {isa = PBXFileReference; name = "IBMPlexMono-Bold.ttf"; path = "../src/assets/fonts/IBMPlexMono-Bold.ttf"; sourceTree = "<group>"; fileEncoding = undefined; lastKnownFileType = unknown; explicitFileType = undefined; includeInIndex = 0; };
		915F46A4A4AC4549B0EB3FBC /* IBMPlexMono-BoldItalic.ttf */ = {isa = PBXFileReference; name = "IBMPlexMono-BoldItalic.ttf"; path = "../src/assets/fonts/IBMPlexMono-BoldItalic.ttf"; sourceTree = "<group>"; fileEncoding = undefined; lastKnownFileType = unknown; explicitFileType = undefined; includeInIndex = 0; };
		CB7A537DEE964763AA35432A /* IBMPlexMono-ExtraLight.ttf */ = {isa = PBXFileReference; name = "IBMPlexMono-ExtraLight.ttf"; path = "../src/assets/fonts/IBMPlexMono-ExtraLight.ttf"; sourceTree = "<group>"; fileEncoding = undefined; lastKnownFileType = unknown; explicitFileType = undefined; includeInIndex = 0; };
		3FF8DE644F05476FA071B4C4 /* IBMPlexMono-ExtraLightItalic.ttf */ = {isa = PBXFileReference; name = "IBMPlexMono-ExtraLightItalic.ttf"; path = "../src/assets/fonts/IBMPlexMono-ExtraLightItalic.ttf"; sourceTree = "<group>"; fileEncoding = undefined; lastKnownFileType = unknown; explicitFileType = undefined; includeInIndex = 0; };
		754DC16B32EE40E0AFD5AFEB /* IBMPlexMono-Italic.ttf */ = {isa = PBXFileReference; name = "IBMPlexMono-Italic.ttf"; path = "../src/assets/fonts/IBMPlexMono-Italic.ttf"; sourceTree = "<group>"; fileEncoding = undefined; lastKnownFileType = unknown; explicitFileType = undefined; includeInIndex = 0; };
		9D24400EC4AE446CA3A05AA9 /* IBMPlexMono-Light.ttf */ = {isa = PBXFileReference; name = "IBMPlexMono-Light.ttf"; path = "../src/assets/fonts/IBMPlexMono-Light.ttf"; sourceTree = "<group>"; fileEncoding = undefined; lastKnownFileType = unknown; explicitFileType = undefined; includeInIndex = 0; };
		8F03C2A7E609468FAC1E72C8 /* IBMPlexMono-LightItalic.ttf */ = {isa = PBXFileReference; name = "IBMPlexMono-LightItalic.ttf"; path = "../src/assets/fonts/IBMPlexMono-LightItalic.ttf"; sourceTree = "<group>"; fileEncoding = undefined; lastKnownFileType = unknown; explicitFileType = undefined; includeInIndex = 0; };
		239ED0D5A60748ADB75D99F5 /* IBMPlexMono-Medium.ttf */ = {isa = PBXFileReference; name = "IBMPlexMono-Medium.ttf"; path = "../src/assets/fonts/IBMPlexMono-Medium.ttf"; sourceTree = "<group>"; fileEncoding = undefined; lastKnownFileType = unknown; explicitFileType = undefined; includeInIndex = 0; };
		2CD059F809E541819D41444F /* IBMPlexMono-MediumItalic.ttf */ = {isa = PBXFileReference; name = "IBMPlexMono-MediumItalic.ttf"; path = "../src/assets/fonts/IBMPlexMono-MediumItalic.ttf"; sourceTree = "<group>"; fileEncoding = undefined; lastKnownFileType = unknown; explicitFileType = undefined; includeInIndex = 0; };
		7F89FAB454E54D2F8A526B63 /* IBMPlexMono-Regular.ttf */ = {isa = PBXFileReference; name = "IBMPlexMono-Regular.ttf"; path = "../src/assets/fonts/IBMPlexMono-Regular.ttf"; sourceTree = "<group>"; fileEncoding = undefined; lastKnownFileType = unknown; explicitFileType = undefined; includeInIndex = 0; };
		DBA43FBFB8F6471DAE92D64D /* IBMPlexMono-SemiBold.ttf */ = {isa = PBXFileReference; name = "IBMPlexMono-SemiBold.ttf"; path = "../src/assets/fonts/IBMPlexMono-SemiBold.ttf"; sourceTree = "<group>"; fileEncoding = undefined; lastKnownFileType = unknown; explicitFileType = undefined; includeInIndex = 0; };
		976670FF11B640FE96F9C506 /* IBMPlexMono-SemiBoldItalic.ttf */ = {isa = PBXFileReference; name = "IBMPlexMono-SemiBoldItalic.ttf"; path = "../src/assets/fonts/IBMPlexMono-SemiBoldItalic.ttf"; sourceTree = "<group>"; fileEncoding = undefined; lastKnownFileType = unknown; explicitFileType = undefined; includeInIndex = 0; };
		D0D0DCD2482C434D9D78B710 /* IBMPlexMono-Thin.ttf */ = {isa = PBXFileReference; name = "IBMPlexMono-Thin.ttf"; path = "../src/assets/fonts/IBMPlexMono-Thin.ttf"; sourceTree = "<group>"; fileEncoding = undefined; lastKnownFileType = unknown; explicitFileType = undefined; includeInIndex = 0; };
		87080B581EA24F759BA86087 /* IBMPlexMono-ThinItalic.ttf */ = {isa = PBXFileReference; name = "IBMPlexMono-ThinItalic.ttf"; path = "../src/assets/fonts/IBMPlexMono-ThinItalic.ttf"; sourceTree = "<group>"; fileEncoding = undefined; lastKnownFileType = unknown; explicitFileType = undefined; includeInIndex = 0; };
		2F811B402E1B499F90C58909 /* AntDesign.ttf */ = {isa = PBXFileReference; name = "AntDesign.ttf"; path = "../node_modules/react-native-vector-icons/Fonts/AntDesign.ttf"; sourceTree = "<group>"; fileEncoding = undefined; lastKnownFileType = unknown; explicitFileType = undefined; includeInIndex = 0; };
		FDD6C12696B643DEA2B10B81 /* Entypo.ttf */ = {isa = PBXFileReference; name = "Entypo.ttf"; path = "../node_modules/react-native-vector-icons/Fonts/Entypo.ttf"; sourceTree = "<group>"; fileEncoding = undefined; lastKnownFileType = unknown; explicitFileType = undefined; includeInIndex = 0; };
		883CD1A1F47944E195B8486A /* EvilIcons.ttf */ = {isa = PBXFileReference; name = "EvilIcons.ttf"; path = "../node_modules/react-native-vector-icons/Fonts/EvilIcons.ttf"; sourceTree = "<group>"; fileEncoding = undefined; lastKnownFileType = unknown; explicitFileType = undefined; includeInIndex = 0; };
		1D03AD3004334E06BD152745 /* Feather.ttf */ = {isa = PBXFileReference; name = "Feather.ttf"; path = "../node_modules/react-native-vector-icons/Fonts/Feather.ttf"; sourceTree = "<group>"; fileEncoding = undefined; lastKnownFileType = unknown; explicitFileType = undefined; includeInIndex = 0; };
		EA22CCD620AD4541A631900C /* FontAwesome.ttf */ = {isa = PBXFileReference; name = "FontAwesome.ttf"; path = "../node_modules/react-native-vector-icons/Fonts/FontAwesome.ttf"; sourceTree = "<group>"; fileEncoding = undefined; lastKnownFileType = unknown; explicitFileType = undefined; includeInIndex = 0; };
		148608E9BE004780A3124D11 /* FontAwesome5_Brands.ttf */ = {isa = PBXFileReference; name = "FontAwesome5_Brands.ttf"; path = "../node_modules/react-native-vector-icons/Fonts/FontAwesome5_Brands.ttf"; sourceTree = "<group>"; fileEncoding = undefined; lastKnownFileType = unknown; explicitFileType = undefined; includeInIndex = 0; };
		FBF39B9723044854B766FF28 /* FontAwesome5_Regular.ttf */ = {isa = PBXFileReference; name = "FontAwesome5_Regular.ttf"; path = "../node_modules/react-native-vector-icons/Fonts/FontAwesome5_Regular.ttf"; sourceTree = "<group>"; fileEncoding = undefined; lastKnownFileType = unknown; explicitFileType = undefined; includeInIndex = 0; };
		1E60AC4E67B14112954F3141 /* FontAwesome5_Solid.ttf */ = {isa = PBXFileReference; name = "FontAwesome5_Solid.ttf"; path = "../node_modules/react-native-vector-icons/Fonts/FontAwesome5_Solid.ttf"; sourceTree = "<group>"; fileEncoding = undefined; lastKnownFileType = unknown; explicitFileType = undefined; includeInIndex = 0; };
		E44E460DA8DB4967B9E5F7A9 /* Fontisto.ttf */ = {isa = PBXFileReference; name = "Fontisto.ttf"; path = "../node_modules/react-native-vector-icons/Fonts/Fontisto.ttf"; sourceTree = "<group>"; fileEncoding = undefined; lastKnownFileType = unknown; explicitFileType = undefined; includeInIndex = 0; };
		0066780C603F41C6913FA5AE /* Foundation.ttf */ = {isa = PBXFileReference; name = "Foundation.ttf"; path = "../node_modules/react-native-vector-icons/Fonts/Foundation.ttf"; sourceTree = "<group>"; fileEncoding = undefined; lastKnownFileType = unknown; explicitFileType = undefined; includeInIndex = 0; };
		DD05F75D49144A6A82F2D546 /* Ionicons.ttf */ = {isa = PBXFileReference; name = "Ionicons.ttf"; path = "../node_modules/react-native-vector-icons/Fonts/Ionicons.ttf"; sourceTree = "<group>"; fileEncoding = undefined; lastKnownFileType = unknown; explicitFileType = undefined; includeInIndex = 0; };
		F1A424CC230B44689E8B7818 /* MaterialCommunityIcons.ttf */ = {isa = PBXFileReference; name = "MaterialCommunityIcons.ttf"; path = "../node_modules/react-native-vector-icons/Fonts/MaterialCommunityIcons.ttf"; sourceTree = "<group>"; fileEncoding = undefined; lastKnownFileType = unknown; explicitFileType = undefined; includeInIndex = 0; };
		251A807194B84792A0A87F44 /* MaterialIcons.ttf */ = {isa = PBXFileReference; name = "MaterialIcons.ttf"; path = "../node_modules/react-native-vector-icons/Fonts/MaterialIcons.ttf"; sourceTree = "<group>"; fileEncoding = undefined; lastKnownFileType = unknown; explicitFileType = undefined; includeInIndex = 0; };
		59A22F6678F1441FA48D77B4 /* Octicons.ttf */ = {isa = PBXFileReference; name = "Octicons.ttf"; path = "../node_modules/react-native-vector-icons/Fonts/Octicons.ttf"; sourceTree = "<group>"; fileEncoding = undefined; lastKnownFileType = unknown; explicitFileType = undefined; includeInIndex = 0; };
		B62C0C3B25B44E29A6A7C7F2 /* SimpleLineIcons.ttf */ = {isa = PBXFileReference; name = "SimpleLineIcons.ttf"; path = "../node_modules/react-native-vector-icons/Fonts/SimpleLineIcons.ttf"; sourceTree = "<group>"; fileEncoding = undefined; lastKnownFileType = unknown; explicitFileType = undefined; includeInIndex = 0; };
		25577A924C914C6A9586841B /* Zocial.ttf */ = {isa = PBXFileReference; name = "Zocial.ttf"; path = "../node_modules/react-native-vector-icons/Fonts/Zocial.ttf"; sourceTree = "<group>"; fileEncoding = undefined; lastKnownFileType = unknown; explicitFileType = undefined; includeInIndex = 0; };
/* End PBXFileReference section */

/* Begin PBXFrameworksBuildPhase section */
		00E356EB1AD99517003FC87E /* Frameworks */ = {
			isa = PBXFrameworksBuildPhase;
			buildActionMask = 2147483647;
			files = (
			);
			runOnlyForDeploymentPostprocessing = 0;
		};
		13B07F8C1A680F5B00A75B9A /* Frameworks */ = {
			isa = PBXFrameworksBuildPhase;
			buildActionMask = 2147483647;
			files = (
			);
			runOnlyForDeploymentPostprocessing = 0;
		};
/* End PBXFrameworksBuildPhase section */

/* Begin PBXGroup section */
		00E356EF1AD99517003FC87E /* StreakAssignmentTests */ = {
			isa = PBXGroup;
			children = (
				00E356F21AD99517003FC87E /* StreakAssignmentTests.m */,
				00E356F01AD99517003FC87E /* Supporting Files */,
			);
			path = StreakAssignmentTests;
			sourceTree = "<group>";
		};
		00E356F01AD99517003FC87E /* Supporting Files */ = {
			isa = PBXGroup;
			children = (
				00E356F11AD99517003FC87E /* Info.plist */,
			);
			name = "Supporting Files";
			sourceTree = "<group>";
		};
		13B07FAE1A68108700A75B9A /* StreakAssignment */ = {
			isa = PBXGroup;
			children = (
				13B07FAF1A68108700A75B9A /* AppDelegate.h */,
				13B07FB01A68108700A75B9A /* AppDelegate.m */,
				13B07FB51A68108700A75B9A /* Images.xcassets */,
				13B07FB61A68108700A75B9A /* Info.plist */,
				81AB9BB72411601600AC10FF /* LaunchScreen.storyboard */,
				13B07FB71A68108700A75B9A /* main.m */,
			);
			name = StreakAssignment;
			sourceTree = "<group>";
		};
		2D16E6871FA4F8E400B85C8A /* Frameworks */ = {
			isa = PBXGroup;
			children = (
				ED297162215061F000B7C4FE /* JavaScriptCore.framework */,
			);
			name = Frameworks;
			sourceTree = "<group>";
		};
		832341AE1AAA6A7D00B99B32 /* Libraries */ = {
			isa = PBXGroup;
			children = (
			);
			name = Libraries;
			sourceTree = "<group>";
		};
		83CBB9F61A601CBA00E9B192 = {
			isa = PBXGroup;
			children = (
				13B07FAE1A68108700A75B9A /* StreakAssignment */,
				832341AE1AAA6A7D00B99B32 /* Libraries */,
				00E356EF1AD99517003FC87E /* StreakAssignmentTests */,
				83CBBA001A601CBA00E9B192 /* Products */,
				2D16E6871FA4F8E400B85C8A /* Frameworks */,
				72B47642D2774BA6AE9E9E33 /* Resources */,
			);
			indentWidth = 2;
			sourceTree = "<group>";
			tabWidth = 2;
			usesTabs = 0;
		};
		83CBBA001A601CBA00E9B192 /* Products */ = {
			isa = PBXGroup;
			children = (
				13B07F961A680F5B00A75B9A /* StreakAssignment.app */,
				00E356EE1AD99517003FC87E /* StreakAssignmentTests.xctest */,
			);
			name = Products;
			sourceTree = "<group>";
		};
		72B47642D2774BA6AE9E9E33 /* Resources */ = {
			isa = "PBXGroup";
			children = (
				108F26F28B594DC1955B65CE /* IBMPlexSans-Bold.ttf */,
				3A482047DF5B4E40B5F7C4FC /* IBMPlexSans-BoldItalic.ttf */,
				BE28BE06223B4BA99D6B3659 /* IBMPlexSans-ExtraLight.ttf */,
				253DD53C363F416FBA9EEE9E /* IBMPlexSans-ExtraLightItalic.ttf */,
				4D39983C63D5468892A6A9FB /* IBMPlexSans-Italic.ttf */,
				8D0130E5F44D4043A90088C1 /* IBMPlexSans-Light.ttf */,
				298520F026734360AC13278B /* IBMPlexSans-LightItalic.ttf */,
				74540A364DFA43F6B6B42E23 /* IBMPlexSans-Medium.ttf */,
				AB9564CC0223462EBEE8BE21 /* IBMPlexSans-MediumItalic.ttf */,
				CA82EBC0E55340768AA784A0 /* IBMPlexSans-Regular.ttf */,
				5E35596A96DF48EBBBE90C5F /* IBMPlexSans-SemiBold.ttf */,
				78D16D44265F41F5B747B0A0 /* IBMPlexSans-SemiBoldItalic.ttf */,
				DF5D22C947D844EDA914B85E /* IBMPlexSans-Thin.ttf */,
				2EBE6E2837844B879F37963D /* IBMPlexSans-ThinItalic.ttf */,
				FF6CF580BF884CA5B59881A4 /* Barlow-Black.ttf */,
				0F86B5A13189410EA07C4B32 /* Barlow-BlackItalic.ttf */,
				5E399CEF60C44734A8F9FB60 /* Barlow-Bold.ttf */,
				95E0DAABF24046A3B095989F /* Barlow-BoldItalic.ttf */,
				9D04D9C8E02848D8A47AEE98 /* Barlow-ExtraBold.ttf */,
				87AD79B068C54118A60145D3 /* Barlow-ExtraBoldItalic.ttf */,
				E7245079076B496CBC31D382 /* Barlow-ExtraLight.ttf */,
				7DEF406572C3494E81FFCE34 /* Barlow-ExtraLightItalic.ttf */,
				413B847E20EB4861B6A9F945 /* Barlow-Italic.ttf */,
				6938A4DD16F3450BA658F076 /* Barlow-Light.ttf */,
				E5AF906E302744A4B46BE73F /* Barlow-LightItalic.ttf */,
				B01010392B184E9D98C15F94 /* Barlow-Medium.ttf */,
				2B0EFFCD47A1444CB521DBA1 /* Barlow-MediumItalic.ttf */,
				DFF7E15E57234314932DA81F /* Barlow-Regular.ttf */,
				5F24629F93F748EE92BF4873 /* Barlow-SemiBold.ttf */,
				A16E57C2DAFF45A6BB4365DA /* Barlow-SemiBoldItalic.ttf */,
				DF9646C3F85E480E93A38471 /* Barlow-Thin.ttf */,
				9A7EB37167BB4379A69C480E /* Barlow-ThinItalic.ttf */,
				3BA2B5CB58A1460680162953 /* IBMPlexMono-Bold.ttf */,
				915F46A4A4AC4549B0EB3FBC /* IBMPlexMono-BoldItalic.ttf */,
				CB7A537DEE964763AA35432A /* IBMPlexMono-ExtraLight.ttf */,
				3FF8DE644F05476FA071B4C4 /* IBMPlexMono-ExtraLightItalic.ttf */,
				754DC16B32EE40E0AFD5AFEB /* IBMPlexMono-Italic.ttf */,
				9D24400EC4AE446CA3A05AA9 /* IBMPlexMono-Light.ttf */,
				8F03C2A7E609468FAC1E72C8 /* IBMPlexMono-LightItalic.ttf */,
				239ED0D5A60748ADB75D99F5 /* IBMPlexMono-Medium.ttf */,
				2CD059F809E541819D41444F /* IBMPlexMono-MediumItalic.ttf */,
				7F89FAB454E54D2F8A526B63 /* IBMPlexMono-Regular.ttf */,
				DBA43FBFB8F6471DAE92D64D /* IBMPlexMono-SemiBold.ttf */,
				976670FF11B640FE96F9C506 /* IBMPlexMono-SemiBoldItalic.ttf */,
				D0D0DCD2482C434D9D78B710 /* IBMPlexMono-Thin.ttf */,
				87080B581EA24F759BA86087 /* IBMPlexMono-ThinItalic.ttf */,
				2F811B402E1B499F90C58909 /* AntDesign.ttf */,
				FDD6C12696B643DEA2B10B81 /* Entypo.ttf */,
				883CD1A1F47944E195B8486A /* EvilIcons.ttf */,
				1D03AD3004334E06BD152745 /* Feather.ttf */,
				EA22CCD620AD4541A631900C /* FontAwesome.ttf */,
				148608E9BE004780A3124D11 /* FontAwesome5_Brands.ttf */,
				FBF39B9723044854B766FF28 /* FontAwesome5_Regular.ttf */,
				1E60AC4E67B14112954F3141 /* FontAwesome5_Solid.ttf */,
				E44E460DA8DB4967B9E5F7A9 /* Fontisto.ttf */,
				0066780C603F41C6913FA5AE /* Foundation.ttf */,
				DD05F75D49144A6A82F2D546 /* Ionicons.ttf */,
				F1A424CC230B44689E8B7818 /* MaterialCommunityIcons.ttf */,
				251A807194B84792A0A87F44 /* MaterialIcons.ttf */,
				59A22F6678F1441FA48D77B4 /* Octicons.ttf */,
				B62C0C3B25B44E29A6A7C7F2 /* SimpleLineIcons.ttf */,
				25577A924C914C6A9586841B /* Zocial.ttf */,
			);
			name = Resources;
			sourceTree = "<group>";
			path = "";
		};
/* End PBXGroup section */

/* Begin PBXNativeTarget section */
		00E356ED1AD99517003FC87E /* StreakAssignmentTests */ = {
			isa = PBXNativeTarget;
			buildConfigurationList = 00E357021AD99517003FC87E /* Build configuration list for PBXNativeTarget "StreakAssignmentTests" */;
			buildPhases = (
				00E356EA1AD99517003FC87E /* Sources */,
				00E356EB1AD99517003FC87E /* Frameworks */,
				00E356EC1AD99517003FC87E /* Resources */,
			);
			buildRules = (
			);
			dependencies = (
				00E356F51AD99517003FC87E /* PBXTargetDependency */,
			);
			name = StreakAssignmentTests;
			productName = StreakAssignmentTests;
			productReference = 00E356EE1AD99517003FC87E /* StreakAssignmentTests.xctest */;
			productType = "com.apple.product-type.bundle.unit-test";
		};
		13B07F861A680F5B00A75B9A /* StreakAssignment */ = {
			isa = PBXNativeTarget;
			buildConfigurationList = 13B07F931A680F5B00A75B9A /* Build configuration list for PBXNativeTarget "StreakAssignment" */;
			buildPhases = (
				FD10A7F022414F080027D42C /* Start Packager */,
				13B07F871A680F5B00A75B9A /* Sources */,
				13B07F8C1A680F5B00A75B9A /* Frameworks */,
				13B07F8E1A680F5B00A75B9A /* Resources */,
				00DD1BFF1BD5951E006B06BC /* Bundle React Native code and images */,
			);
			buildRules = (
			);
			dependencies = (
			);
			name = StreakAssignment;
			productName = StreakAssignment;
			productReference = 13B07F961A680F5B00A75B9A /* StreakAssignment.app */;
			productType = "com.apple.product-type.application";
		};
/* End PBXNativeTarget section */

/* Begin PBXProject section */
		83CBB9F71A601CBA00E9B192 /* Project object */ = {
			isa = PBXProject;
			attributes = {
				LastUpgradeCheck = 1210;
				TargetAttributes = {
					00E356ED1AD99517003FC87E = {
						CreatedOnToolsVersion = 6.2;
						TestTargetID = 13B07F861A680F5B00A75B9A;
					};
					13B07F861A680F5B00A75B9A = {
						LastSwiftMigration = 1120;
					};
				};
			};
			buildConfigurationList = 83CBB9FA1A601CBA00E9B192 /* Build configuration list for PBXProject "StreakAssignment" */;
			compatibilityVersion = "Xcode 12.0";
			developmentRegion = en;
			hasScannedForEncodings = 0;
			knownRegions = (
				en,
				Base,
			);
			mainGroup = 83CBB9F61A601CBA00E9B192;
			productRefGroup = 83CBBA001A601CBA00E9B192 /* Products */;
			projectDirPath = "";
			projectRoot = "";
			targets = (
				13B07F861A680F5B00A75B9A /* StreakAssignment */,
				00E356ED1AD99517003FC87E /* StreakAssignmentTests */,
			);
		};
/* End PBXProject section */

/* Begin PBXResourcesBuildPhase section */
		00E356EC1AD99517003FC87E /* Resources */ = {
			isa = PBXResourcesBuildPhase;
			buildActionMask = 2147483647;
			files = (
			);
			runOnlyForDeploymentPostprocessing = 0;
		};
		13B07F8E1A680F5B00A75B9A /* Resources */ = {
			isa = PBXResourcesBuildPhase;
			buildActionMask = 2147483647;
			files = (
				81AB9BB82411601600AC10FF /* LaunchScreen.storyboard in Resources */,
				13B07FBF1A68108700A75B9A /* Images.xcassets in Resources */,
				AA8CB0FC63284A349CD233F9 /* IBMPlexSans-Bold.ttf in Resources */,
				AE0F53006B094CF8B54BA000 /* IBMPlexSans-BoldItalic.ttf in Resources */,
				CB1A34E675D74F1EACA90E25 /* IBMPlexSans-ExtraLight.ttf in Resources */,
				436F1CA4F0E246B080456B00 /* IBMPlexSans-ExtraLightItalic.ttf in Resources */,
				45FCE0B0575E49DDB77DF03A /* IBMPlexSans-Italic.ttf in Resources */,
				8C321EC7F6264FEFAC381352 /* IBMPlexSans-Light.ttf in Resources */,
				8439304EC96C439BADACC780 /* IBMPlexSans-LightItalic.ttf in Resources */,
				7B0B0543D3654FFB88AC3080 /* IBMPlexSans-Medium.ttf in Resources */,
				8902E6DE25F14BE583A44402 /* IBMPlexSans-MediumItalic.ttf in Resources */,
				ABF2552734CD44259340FCB6 /* IBMPlexSans-Regular.ttf in Resources */,
				B65183D3FBFE4D2297C05DB1 /* IBMPlexSans-SemiBold.ttf in Resources */,
				651E9DA3550642AC8C1D1C43 /* IBMPlexSans-SemiBoldItalic.ttf in Resources */,
				EF07A49FA56A4AC1AC31F337 /* IBMPlexSans-Thin.ttf in Resources */,
				B44D7ADDD3624D58B24FB9C4 /* IBMPlexSans-ThinItalic.ttf in Resources */,
				9C2FA44A5C2642049A1CBB7F /* Barlow-Black.ttf in Resources */,
				2BF008371FD9422CA968B4D7 /* Barlow-BlackItalic.ttf in Resources */,
				16A55D6BA8154B95878C391D /* Barlow-Bold.ttf in Resources */,
				C42A80DC444A44D081C6927B /* Barlow-BoldItalic.ttf in Resources */,
				B5C367308D5B4EDA9C0FE374 /* Barlow-ExtraBold.ttf in Resources */,
				3CC9DCA6E9A14D619E8E8F41 /* Barlow-ExtraBoldItalic.ttf in Resources */,
				F54B4B3C457E4D7897983FD2 /* Barlow-ExtraLight.ttf in Resources */,
				8E54D6B68B2E4A93B476DFF8 /* Barlow-ExtraLightItalic.ttf in Resources */,
				39A983CBF578499D8D6A669C /* Barlow-Italic.ttf in Resources */,
				A2091C8CA5544E8F9995834C /* Barlow-Light.ttf in Resources */,
				64245928D8214A89AA0A7C5F /* Barlow-LightItalic.ttf in Resources */,
				381D63594C0741B3A49CCBF9 /* Barlow-Medium.ttf in Resources */,
				0219005A75D848A684C8E51B /* Barlow-MediumItalic.ttf in Resources */,
				0F42A25395D240DCB2753FC8 /* Barlow-Regular.ttf in Resources */,
				4662258C37C0482C99232C9A /* Barlow-SemiBold.ttf in Resources */,
				66463DE11BA548B88CA45F66 /* Barlow-SemiBoldItalic.ttf in Resources */,
				89BD9BC846BB45B78F3939BB /* Barlow-Thin.ttf in Resources */,
				A1C92545D8324AD0B6C5D3E1 /* Barlow-ThinItalic.ttf in Resources */,
				C51EA749AB92464F86C28E50 /* IBMPlexMono-Bold.ttf in Resources */,
				19E5897A293F4BCA8573E070 /* IBMPlexMono-BoldItalic.ttf in Resources */,
				3245480BB5554F2B854A3BEB /* IBMPlexMono-ExtraLight.ttf in Resources */,
				A4E729214EDE4FA79865DF9B /* IBMPlexMono-ExtraLightItalic.ttf in Resources */,
				F4CF0008F0BF4D808586E8A0 /* IBMPlexMono-Italic.ttf in Resources */,
				494EF6AEFD0E4371AEAB96E3 /* IBMPlexMono-Light.ttf in Resources */,
				E067069142E1435CAD730357 /* IBMPlexMono-LightItalic.ttf in Resources */,
				D2BB0B6BCB6A43879988AAB8 /* IBMPlexMono-Medium.ttf in Resources */,
				D6DC347C6BC64034BB0F677E /* IBMPlexMono-MediumItalic.ttf in Resources */,
				290A812052E445F49BA41A4B /* IBMPlexMono-Regular.ttf in Resources */,
				03C4336D9EC9469EB6E1B1CD /* IBMPlexMono-SemiBold.ttf in Resources */,
				EB01C14A5936436C942B6A68 /* IBMPlexMono-SemiBoldItalic.ttf in Resources */,
				22ACBF6C923C453BBEE55201 /* IBMPlexMono-Thin.ttf in Resources */,
				7D096AFA78C64853BB226286 /* IBMPlexMono-ThinItalic.ttf in Resources */,
				5D81D699FC48456B82C98CFA /* AntDesign.ttf in Resources */,
				6B0A1B6C5F28428492CAD7AA /* Entypo.ttf in Resources */,
				E908F99B2CDD406998F479DC /* EvilIcons.ttf in Resources */,
				EA2D3844C3EC48808AC75D10 /* Feather.ttf in Resources */,
				8D9C54477C4C4D4CA62CACA6 /* FontAwesome.ttf in Resources */,
				9CB6941857ED42B6B7B82A7A /* FontAwesome5_Brands.ttf in Resources */,
				4FC8F49524124B8EA4EC35FA /* FontAwesome5_Regular.ttf in Resources */,
				CE7CE26C5D6A47FFB755262E /* FontAwesome5_Solid.ttf in Resources */,
				41173AF52286461282D62303 /* Fontisto.ttf in Resources */,
				DC9FE70E04DE4D37A33A4B11 /* Foundation.ttf in Resources */,
				C2CB3E120DD344D7B25842A4 /* Ionicons.ttf in Resources */,
				A27365E166444EDB8C12148D /* MaterialCommunityIcons.ttf in Resources */,
				28E792122DA946809BD0EFE5 /* MaterialIcons.ttf in Resources */,
				063C71638C9F4C29A024F1F3 /* Octicons.ttf in Resources */,
				95EAE09CEEE84D8EAA3CC63F /* SimpleLineIcons.ttf in Resources */,
				62BA7131A1A6414795669BB3 /* Zocial.ttf in Resources */,
			);
			runOnlyForDeploymentPostprocessing = 0;
		};
/* End PBXResourcesBuildPhase section */

/* Begin PBXShellScriptBuildPhase section */
		00DD1BFF1BD5951E006B06BC /* Bundle React Native code and images */ = {
			isa = PBXShellScriptBuildPhase;
			buildActionMask = 2147483647;
			files = (
			);
			inputPaths = (
			);
			name = "Bundle React Native code and images";
			outputPaths = (
			);
			runOnlyForDeploymentPostprocessing = 0;
			shellPath = /bin/sh;
			shellScript = "set -e\n\nexport NODE_BINARY=node\n../node_modules/react-native/scripts/react-native-xcode.sh\n";
		};
		FD10A7F022414F080027D42C /* Start Packager */ = {
			isa = PBXShellScriptBuildPhase;
			buildActionMask = 2147483647;
			files = (
			);
			inputFileListPaths = (
			);
			inputPaths = (
			);
			name = "Start Packager";
			outputFileListPaths = (
			);
			outputPaths = (
			);
			runOnlyForDeploymentPostprocessing = 0;
			shellPath = /bin/sh;
			shellScript = "export RCT_METRO_PORT=\"${RCT_METRO_PORT:=8081}\"\necho \"export RCT_METRO_PORT=${RCT_METRO_PORT}\" > \"${SRCROOT}/../node_modules/react-native/scripts/.packager.env\"\nif [ -z \"${RCT_NO_LAUNCH_PACKAGER+xxx}\" ] ; then\n  if nc -w 5 -z localhost ${RCT_METRO_PORT} ; then\n    if ! curl -s \"http://localhost:${RCT_METRO_PORT}/status\" | grep -q \"packager-status:running\" ; then\n      echo \"Port ${RCT_METRO_PORT} already in use, packager is either not running or not running correctly\"\n      exit 2\n    fi\n  else\n    open \"$SRCROOT/../node_modules/react-native/scripts/launchPackager.command\" || echo \"Can't start packager automatically\"\n  fi\nfi\n";
			showEnvVarsInLog = 0;
		};
/* End PBXShellScriptBuildPhase section */

/* Begin PBXSourcesBuildPhase section */
		00E356EA1AD99517003FC87E /* Sources */ = {
			isa = PBXSourcesBuildPhase;
			buildActionMask = 2147483647;
			files = (
				00E356F31AD99517003FC87E /* StreakAssignmentTests.m in Sources */,
			);
			runOnlyForDeploymentPostprocessing = 0;
		};
		13B07F871A680F5B00A75B9A /* Sources */ = {
			isa = PBXSourcesBuildPhase;
			buildActionMask = 2147483647;
			files = (
				13B07FBC1A68108700A75B9A /* AppDelegate.m in Sources */,
				13B07FC11A68108700A75B9A /* main.m in Sources */,
			);
			runOnlyForDeploymentPostprocessing = 0;
		};
/* End PBXSourcesBuildPhase section */

/* Begin PBXTargetDependency section */
		00E356F51AD99517003FC87E /* PBXTargetDependency */ = {
			isa = PBXTargetDependency;
			target = 13B07F861A680F5B00A75B9A /* StreakAssignment */;
			targetProxy = 00E356F41AD99517003FC87E /* PBXContainerItemProxy */;
		};
/* End PBXTargetDependency section */

/* Begin XCBuildConfiguration section */
		00E356F61AD99517003FC87E /* Debug */ = {
			isa = XCBuildConfiguration;
			buildSettings = {
				BUNDLE_LOADER = "$(TEST_HOST)";
				GCC_PREPROCESSOR_DEFINITIONS = (
					"DEBUG=1",
					"$(inherited)",
				);
				INFOPLIST_FILE = StreakAssignmentTests/Info.plist;
				IPHONEOS_DEPLOYMENT_TARGET = 12.0;
				LD_RUNPATH_SEARCH_PATHS = (
					"$(inherited)",
					"@executable_path/Frameworks",
					"@loader_path/Frameworks",
				);
				OTHER_LDFLAGS = (
					"-ObjC",
					"-lc++",
					"$(inherited)",
				);
				PRODUCT_BUNDLE_IDENTIFIER = "org.reactjs.native.example.$(PRODUCT_NAME:rfc1034identifier)";
				PRODUCT_NAME = "$(TARGET_NAME)";
				TEST_HOST = "$(BUILT_PRODUCTS_DIR)/StreakAssignment.app/StreakAssignment";
			};
			name = Debug;
		};
		00E356F71AD99517003FC87E /* Release */ = {
			isa = XCBuildConfiguration;
			buildSettings = {
				BUNDLE_LOADER = "$(TEST_HOST)";
				COPY_PHASE_STRIP = NO;
				INFOPLIST_FILE = StreakAssignmentTests/Info.plist;
				IPHONEOS_DEPLOYMENT_TARGET = 12.0;
				LD_RUNPATH_SEARCH_PATHS = (
					"$(inherited)",
					"@executable_path/Frameworks",
					"@loader_path/Frameworks",
				);
				OTHER_LDFLAGS = (
					"-ObjC",
					"-lc++",
					"$(inherited)",
				);
				PRODUCT_BUNDLE_IDENTIFIER = "org.reactjs.native.example.$(PRODUCT_NAME:rfc1034identifier)";
				PRODUCT_NAME = "$(TARGET_NAME)";
				TEST_HOST = "$(BUILT_PRODUCTS_DIR)/StreakAssignment.app/StreakAssignment";
			};
			name = Release;
		};
		13B07F941A680F5B00A75B9A /* Debug */ = {
			isa = XCBuildConfiguration;
			buildSettings = {
				ASSETCATALOG_COMPILER_APPICON_NAME = AppIcon;
				CLANG_ENABLE_MODULES = YES;
				CURRENT_PROJECT_VERSION = 1;
				ENABLE_BITCODE = NO;
				INFOPLIST_FILE = StreakAssignment/Info.plist;
				LD_RUNPATH_SEARCH_PATHS = (
					"$(inherited)",
					"@executable_path/Frameworks",
				);
				OTHER_LDFLAGS = (
					"$(inherited)",
					"-ObjC",
					"-lc++",
				);
				PRODUCT_BUNDLE_IDENTIFIER = "org.reactjs.native.example.$(PRODUCT_NAME:rfc1034identifier)";
				PRODUCT_NAME = StreakAssignment;
				SWIFT_OPTIMIZATION_LEVEL = "-Onone";
				SWIFT_VERSION = 5.0;
				VERSIONING_SYSTEM = "apple-generic";
			};
			name = Debug;
		};
		13B07F951A680F5B00A75B9A /* Release */ = {
			isa = XCBuildConfiguration;
			buildSettings = {
				ASSETCATALOG_COMPILER_APPICON_NAME = AppIcon;
				CLANG_ENABLE_MODULES = YES;
				CURRENT_PROJECT_VERSION = 1;
				INFOPLIST_FILE = StreakAssignment/Info.plist;
				LD_RUNPATH_SEARCH_PATHS = (
					"$(inherited)",
					"@executable_path/Frameworks",
				);
				OTHER_LDFLAGS = (
					"$(inherited)",
					"-ObjC",
					"-lc++",
				);
				PRODUCT_BUNDLE_IDENTIFIER = "org.reactjs.native.example.$(PRODUCT_NAME:rfc1034identifier)";
				PRODUCT_NAME = StreakAssignment;
				SWIFT_VERSION = 5.0;
				VERSIONING_SYSTEM = "apple-generic";
			};
			name = Release;
		};
		83CBBA201A601CBA00E9B192 /* Debug */ = {
			isa = XCBuildConfiguration;
			buildSettings = {
				ALWAYS_SEARCH_USER_PATHS = NO;
				CLANG_ANALYZER_LOCALIZABILITY_NONLOCALIZED = YES;
				CLANG_CXX_LANGUAGE_STANDARD = "gnu++0x";
				CLANG_CXX_LIBRARY = "libc++";
				CLANG_ENABLE_MODULES = YES;
				CLANG_ENABLE_OBJC_ARC = YES;
				CLANG_WARN_BLOCK_CAPTURE_AUTORELEASING = YES;
				CLANG_WARN_BOOL_CONVERSION = YES;
				CLANG_WARN_COMMA = YES;
				CLANG_WARN_CONSTANT_CONVERSION = YES;
				CLANG_WARN_DEPRECATED_OBJC_IMPLEMENTATIONS = YES;
				CLANG_WARN_DIRECT_OBJC_ISA_USAGE = YES_ERROR;
				CLANG_WARN_EMPTY_BODY = YES;
				CLANG_WARN_ENUM_CONVERSION = YES;
				CLANG_WARN_INFINITE_RECURSION = YES;
				CLANG_WARN_INT_CONVERSION = YES;
				CLANG_WARN_NON_LITERAL_NULL_CONVERSION = YES;
				CLANG_WARN_OBJC_IMPLICIT_RETAIN_SELF = YES;
				CLANG_WARN_OBJC_LITERAL_CONVERSION = YES;
				CLANG_WARN_OBJC_ROOT_CLASS = YES_ERROR;
				CLANG_WARN_QUOTED_INCLUDE_IN_FRAMEWORK_HEADER = YES;
				CLANG_WARN_RANGE_LOOP_ANALYSIS = YES;
				CLANG_WARN_STRICT_PROTOTYPES = YES;
				CLANG_WARN_SUSPICIOUS_MOVE = YES;
				CLANG_WARN_UNREACHABLE_CODE = YES;
				CLANG_WARN__DUPLICATE_METHOD_MATCH = YES;
				"CODE_SIGN_IDENTITY[sdk=iphoneos*]" = "iPhone Developer";
				COPY_PHASE_STRIP = NO;
				ENABLE_STRICT_OBJC_MSGSEND = YES;
				ENABLE_TESTABILITY = YES;
				GCC_C_LANGUAGE_STANDARD = gnu99;
				GCC_DYNAMIC_NO_PIC = NO;
				GCC_NO_COMMON_BLOCKS = YES;
				GCC_OPTIMIZATION_LEVEL = 0;
				GCC_PREPROCESSOR_DEFINITIONS = (
					"DEBUG=1",
					"$(inherited)",
				);
				GCC_SYMBOLS_PRIVATE_EXTERN = NO;
				GCC_WARN_64_TO_32_BIT_CONVERSION = YES;
				GCC_WARN_ABOUT_RETURN_TYPE = YES_ERROR;
				GCC_WARN_UNDECLARED_SELECTOR = YES;
				GCC_WARN_UNINITIALIZED_AUTOS = YES_AGGRESSIVE;
				GCC_WARN_UNUSED_FUNCTION = YES;
				GCC_WARN_UNUSED_VARIABLE = YES;
				IPHONEOS_DEPLOYMENT_TARGET = 12.0;
				LD_RUNPATH_SEARCH_PATHS = (
					/usr/lib/swift,
					"$(inherited)",
				);
				LIBRARY_SEARCH_PATHS = (
					"\"$(SDKROOT)/usr/lib/swift\"",
					"\"$(TOOLCHAIN_DIR)/usr/lib/swift/$(PLATFORM_NAME)\"",
					"\"$(TOOLCHAIN_DIR)/usr/lib/swift-5.0/$(PLATFORM_NAME)\"",
					"\"$(inherited)\"",
				);
				MTL_ENABLE_DEBUG_INFO = YES;
				ONLY_ACTIVE_ARCH = YES;
				SDKROOT = iphoneos;
			};
			name = Debug;
		};
		83CBBA211A601CBA00E9B192 /* Release */ = {
			isa = XCBuildConfiguration;
			buildSettings = {
				ALWAYS_SEARCH_USER_PATHS = NO;
				CLANG_ANALYZER_LOCALIZABILITY_NONLOCALIZED = YES;
				CLANG_CXX_LANGUAGE_STANDARD = "gnu++0x";
				CLANG_CXX_LIBRARY = "libc++";
				CLANG_ENABLE_MODULES = YES;
				CLANG_ENABLE_OBJC_ARC = YES;
				CLANG_WARN_BLOCK_CAPTURE_AUTORELEASING = YES;
				CLANG_WARN_BOOL_CONVERSION = YES;
				CLANG_WARN_COMMA = YES;
				CLANG_WARN_CONSTANT_CONVERSION = YES;
				CLANG_WARN_DEPRECATED_OBJC_IMPLEMENTATIONS = YES;
				CLANG_WARN_DIRECT_OBJC_ISA_USAGE = YES_ERROR;
				CLANG_WARN_EMPTY_BODY = YES;
				CLANG_WARN_ENUM_CONVERSION = YES;
				CLANG_WARN_INFINITE_RECURSION = YES;
				CLANG_WARN_INT_CONVERSION = YES;
				CLANG_WARN_NON_LITERAL_NULL_CONVERSION = YES;
				CLANG_WARN_OBJC_IMPLICIT_RETAIN_SELF = YES;
				CLANG_WARN_OBJC_LITERAL_CONVERSION = YES;
				CLANG_WARN_OBJC_ROOT_CLASS = YES_ERROR;
				CLANG_WARN_QUOTED_INCLUDE_IN_FRAMEWORK_HEADER = YES;
				CLANG_WARN_RANGE_LOOP_ANALYSIS = YES;
				CLANG_WARN_STRICT_PROTOTYPES = YES;
				CLANG_WARN_SUSPICIOUS_MOVE = YES;
				CLANG_WARN_UNREACHABLE_CODE = YES;
				CLANG_WARN__DUPLICATE_METHOD_MATCH = YES;
				"CODE_SIGN_IDENTITY[sdk=iphoneos*]" = "iPhone Developer";
				COPY_PHASE_STRIP = YES;
				ENABLE_NS_ASSERTIONS = NO;
				ENABLE_STRICT_OBJC_MSGSEND = YES;
				GCC_C_LANGUAGE_STANDARD = gnu99;
				GCC_NO_COMMON_BLOCKS = YES;
				GCC_WARN_64_TO_32_BIT_CONVERSION = YES;
				GCC_WARN_ABOUT_RETURN_TYPE = YES_ERROR;
				GCC_WARN_UNDECLARED_SELECTOR = YES;
				GCC_WARN_UNINITIALIZED_AUTOS = YES_AGGRESSIVE;
				GCC_WARN_UNUSED_FUNCTION = YES;
				GCC_WARN_UNUSED_VARIABLE = YES;
				IPHONEOS_DEPLOYMENT_TARGET = 12.0;
				LD_RUNPATH_SEARCH_PATHS = (
					/usr/lib/swift,
					"$(inherited)",
				);
				LIBRARY_SEARCH_PATHS = (
					"\"$(SDKROOT)/usr/lib/swift\"",
					"\"$(TOOLCHAIN_DIR)/usr/lib/swift/$(PLATFORM_NAME)\"",
					"\"$(TOOLCHAIN_DIR)/usr/lib/swift-5.0/$(PLATFORM_NAME)\"",
					"\"$(inherited)\"",
				);
				MTL_ENABLE_DEBUG_INFO = NO;
				SDKROOT = iphoneos;
				VALIDATE_PRODUCT = YES;
			};
			name = Release;
		};
/* End XCBuildConfiguration section */

/* Begin XCConfigurationList section */
		00E357021AD99517003FC87E /* Build configuration list for PBXNativeTarget "StreakAssignmentTests" */ = {
			isa = XCConfigurationList;
			buildConfigurations = (
				00E356F61AD99517003FC87E /* Debug */,
				00E356F71AD99517003FC87E /* Release */,
			);
			defaultConfigurationIsVisible = 0;
			defaultConfigurationName = Release;
		};
		13B07F931A680F5B00A75B9A /* Build configuration list for PBXNativeTarget "StreakAssignment" */ = {
			isa = XCConfigurationList;
			buildConfigurations = (
				13B07F941A680F5B00A75B9A /* Debug */,
				13B07F951A680F5B00A75B9A /* Release */,
			);
			defaultConfigurationIsVisible = 0;
			defaultConfigurationName = Release;
		};
		83CBB9FA1A601CBA00E9B192 /* Build configuration list for PBXProject "StreakAssignment" */ = {
			isa = XCConfigurationList;
			buildConfigurations = (
				83CBBA201A601CBA00E9B192 /* Debug */,
				83CBBA211A601CBA00E9B192 /* Release */,
			);
			defaultConfigurationIsVisible = 0;
			defaultConfigurationName = Release;
		};
/* End XCConfigurationList section */
	};
	rootObject = 83CBB9F71A601CBA00E9B192 /* Project object */;
}
